// !$*UTF8*$!
{
	archiveVersion = 1;
	classes = {
	};
	objectVersion = 55;
	objects = {

/* Begin PBXBuildFile section */
		2303CEBB28384233002DBFA2 /* Realm in Frameworks */ = {isa = PBXBuildFile; productRef = 2303CEBA28384233002DBFA2 /* Realm */; };
		2303CEBD28384233002DBFA2 /* RealmSwift in Frameworks */ = {isa = PBXBuildFile; productRef = 2303CEBC28384233002DBFA2 /* RealmSwift */; };
		2317437A2837B14800A5F318 /* TaskListViewController.swift in Sources */ = {isa = PBXBuildFile; fileRef = 231743792837B14800A5F318 /* TaskListViewController.swift */; };
		2317437C2837B33500A5F318 /* TasksViewController.swift in Sources */ = {isa = PBXBuildFile; fileRef = 2317437B2837B33500A5F318 /* TasksViewController.swift */; };
		2317437E2837B3AF00A5F318 /* AlertController.swift in Sources */ = {isa = PBXBuildFile; fileRef = 2317437D2837B3AF00A5F318 /* AlertController.swift */; };
		231743812837B3D200A5F318 /* Model.swift in Sources */ = {isa = PBXBuildFile; fileRef = 231743802837B3D200A5F318 /* Model.swift */; };
		231743842837B3FC00A5F318 /* DataManager.swift in Sources */ = {isa = PBXBuildFile; fileRef = 231743832837B3FC00A5F318 /* DataManager.swift */; };
		231743862837B40F00A5F318 /* StorageManager.swift in Sources */ = {isa = PBXBuildFile; fileRef = 231743852837B40F00A5F318 /* StorageManager.swift */; };
		2338F51B2835845F00243018 /* AppDelegate.swift in Sources */ = {isa = PBXBuildFile; fileRef = 2338F51A2835845F00243018 /* AppDelegate.swift */; };
		2338F51D2835845F00243018 /* SceneDelegate.swift in Sources */ = {isa = PBXBuildFile; fileRef = 2338F51C2835845F00243018 /* SceneDelegate.swift */; };
		2338F5222835845F00243018 /* Main.storyboard in Resources */ = {isa = PBXBuildFile; fileRef = 2338F5202835845F00243018 /* Main.storyboard */; };
		2338F5272835846000243018 /* Assets.xcassets in Resources */ = {isa = PBXBuildFile; fileRef = 2338F5262835846000243018 /* Assets.xcassets */; };
		2338F52A2835846000243018 /* LaunchScreen.storyboard in Resources */ = {isa = PBXBuildFile; fileRef = 2338F5282835846000243018 /* LaunchScreen.storyboard */; };
/* End PBXBuildFile section */

/* Begin PBXFileReference section */
		231743792837B14800A5F318 /* TaskListViewController.swift */ = {isa = PBXFileReference; lastKnownFileType = sourcecode.swift; path = TaskListViewController.swift; sourceTree = "<group>"; };
		2317437B2837B33500A5F318 /* TasksViewController.swift */ = {isa = PBXFileReference; lastKnownFileType = sourcecode.swift; path = TasksViewController.swift; sourceTree = "<group>"; };
		2317437D2837B3AF00A5F318 /* AlertController.swift */ = {isa = PBXFileReference; lastKnownFileType = sourcecode.swift; path = AlertController.swift; sourceTree = "<group>"; };
		231743802837B3D200A5F318 /* Model.swift */ = {isa = PBXFileReference; lastKnownFileType = sourcecode.swift; path = Model.swift; sourceTree = "<group>"; };
		231743832837B3FC00A5F318 /* DataManager.swift */ = {isa = PBXFileReference; lastKnownFileType = sourcecode.swift; path = DataManager.swift; sourceTree = "<group>"; };
		231743852837B40F00A5F318 /* StorageManager.swift */ = {isa = PBXFileReference; lastKnownFileType = sourcecode.swift; path = StorageManager.swift; sourceTree = "<group>"; };
		2338F5172835845F00243018 /* ShoppingList.app */ = {isa = PBXFileReference; explicitFileType = wrapper.application; includeInIndex = 0; path = ShoppingList.app; sourceTree = BUILT_PRODUCTS_DIR; };
		2338F51A2835845F00243018 /* AppDelegate.swift */ = {isa = PBXFileReference; lastKnownFileType = sourcecode.swift; path = AppDelegate.swift; sourceTree = "<group>"; };
		2338F51C2835845F00243018 /* SceneDelegate.swift */ = {isa = PBXFileReference; lastKnownFileType = sourcecode.swift; path = SceneDelegate.swift; sourceTree = "<group>"; };
		2338F5212835845F00243018 /* Base */ = {isa = PBXFileReference; lastKnownFileType = file.storyboard; name = Base; path = Base.lproj/Main.storyboard; sourceTree = "<group>"; };
		2338F5262835846000243018 /* Assets.xcassets */ = {isa = PBXFileReference; lastKnownFileType = folder.assetcatalog; path = Assets.xcassets; sourceTree = "<group>"; };
		2338F5292835846000243018 /* Base */ = {isa = PBXFileReference; lastKnownFileType = file.storyboard; name = Base; path = Base.lproj/LaunchScreen.storyboard; sourceTree = "<group>"; };
		2338F52B2835846000243018 /* Info.plist */ = {isa = PBXFileReference; lastKnownFileType = text.plist.xml; path = Info.plist; sourceTree = "<group>"; };
/* End PBXFileReference section */

/* Begin PBXFrameworksBuildPhase section */
		2338F5142835845F00243018 /* Frameworks */ = {
			isa = PBXFrameworksBuildPhase;
			buildActionMask = 2147483647;
			files = (
				2303CEBD28384233002DBFA2 /* RealmSwift in Frameworks */,
				2303CEBB28384233002DBFA2 /* Realm in Frameworks */,
			);
			runOnlyForDeploymentPostprocessing = 0;
		};
/* End PBXFrameworksBuildPhase section */

/* Begin PBXGroup section */
		231743782837B03B00A5F318 /* Viewcontrollers */ = {
			isa = PBXGroup;
			children = (
				231743792837B14800A5F318 /* TaskListViewController.swift */,
				2317437B2837B33500A5F318 /* TasksViewController.swift */,
				2317437D2837B3AF00A5F318 /* AlertController.swift */,
			);
			path = Viewcontrollers;
			sourceTree = "<group>";
		};
		2317437F2837B3B800A5F318 /* Models */ = {
			isa = PBXGroup;
			children = (
				231743802837B3D200A5F318 /* Model.swift */,
			);
			path = Models;
			sourceTree = "<group>";
		};
		231743822837B3DC00A5F318 /* Services */ = {
			isa = PBXGroup;
			children = (
				231743832837B3FC00A5F318 /* DataManager.swift */,
				231743852837B40F00A5F318 /* StorageManager.swift */,
			);
			path = Services;
			sourceTree = "<group>";
		};
		2338F50E2835845F00243018 = {
			isa = PBXGroup;
			children = (
				2338F5192835845F00243018 /* ShoppingList */,
				2338F5182835845F00243018 /* Products */,
			);
			sourceTree = "<group>";
		};
		2338F5182835845F00243018 /* Products */ = {
			isa = PBXGroup;
			children = (
				2338F5172835845F00243018 /* ShoppingList.app */,
			);
			name = Products;
			sourceTree = "<group>";
		};
		2338F5192835845F00243018 /* ShoppingList */ = {
			isa = PBXGroup;
			children = (
				231743822837B3DC00A5F318 /* Services */,
				2317437F2837B3B800A5F318 /* Models */,
				231743782837B03B00A5F318 /* Viewcontrollers */,
				2338F51A2835845F00243018 /* AppDelegate.swift */,
				2338F51C2835845F00243018 /* SceneDelegate.swift */,
				2338F5202835845F00243018 /* Main.storyboard */,
				2338F5262835846000243018 /* Assets.xcassets */,
				2338F5282835846000243018 /* LaunchScreen.storyboard */,
				2338F52B2835846000243018 /* Info.plist */,
			);
			path = ShoppingList;
			sourceTree = "<group>";
		};
/* End PBXGroup section */

/* Begin PBXNativeTarget section */
		2338F5162835845F00243018 /* ShoppingList */ = {
			isa = PBXNativeTarget;
			buildConfigurationList = 2338F52E2835846000243018 /* Build configuration list for PBXNativeTarget "ShoppingList" */;
			buildPhases = (
				2338F5132835845F00243018 /* Sources */,
				2338F5142835845F00243018 /* Frameworks */,
				2338F5152835845F00243018 /* Resources */,
			);
			buildRules = (
			);
			dependencies = (
			);
			name = ShoppingList;
			packageProductDependencies = (
				2303CEBA28384233002DBFA2 /* Realm */,
				2303CEBC28384233002DBFA2 /* RealmSwift */,
			);
			productName = ShoppingList;
			productReference = 2338F5172835845F00243018 /* ShoppingList.app */;
			productType = "com.apple.product-type.application";
		};
/* End PBXNativeTarget section */

/* Begin PBXProject section */
		2338F50F2835845F00243018 /* Project object */ = {
			isa = PBXProject;
			attributes = {
				BuildIndependentTargetsInParallel = 1;
				LastSwiftUpdateCheck = 1320;
				LastUpgradeCheck = 1320;
				TargetAttributes = {
					2338F5162835845F00243018 = {
						CreatedOnToolsVersion = 13.2.1;
					};
				};
			};
			buildConfigurationList = 2338F5122835845F00243018 /* Build configuration list for PBXProject "ShoppingList" */;
			compatibilityVersion = "Xcode 13.0";
			developmentRegion = en;
			hasScannedForEncodings = 0;
			knownRegions = (
				en,
				Base,
			);
			mainGroup = 2338F50E2835845F00243018;
			packageReferences = (
				2303CEB928384233002DBFA2 /* XCRemoteSwiftPackageReference "realm-swift" */,
			);
			productRefGroup = 2338F5182835845F00243018 /* Products */;
			projectDirPath = "";
			projectRoot = "";
			targets = (
				2338F5162835845F00243018 /* ShoppingList */,
			);
		};
/* End PBXProject section */

/* Begin PBXResourcesBuildPhase section */
		2338F5152835845F00243018 /* Resources */ = {
			isa = PBXResourcesBuildPhase;
			buildActionMask = 2147483647;
			files = (
				2338F52A2835846000243018 /* LaunchScreen.storyboard in Resources */,
				2338F5272835846000243018 /* Assets.xcassets in Resources */,
				2338F5222835845F00243018 /* Main.storyboard in Resources */,
			);
			runOnlyForDeploymentPostprocessing = 0;
		};
/* End PBXResourcesBuildPhase section */

/* Begin PBXSourcesBuildPhase section */
		2338F5132835845F00243018 /* Sources */ = {
			isa = PBXSourcesBuildPhase;
			buildActionMask = 2147483647;
			files = (
				231743812837B3D200A5F318 /* Model.swift in Sources */,
				231743842837B3FC00A5F318 /* DataManager.swift in Sources */,
				231743862837B40F00A5F318 /* StorageManager.swift in Sources */,
				2338F51B2835845F00243018 /* AppDelegate.swift in Sources */,
				2317437C2837B33500A5F318 /* TasksViewController.swift in Sources */,
				2317437A2837B14800A5F318 /* TaskListViewController.swift in Sources */,
				2317437E2837B3AF00A5F318 /* AlertController.swift in Sources */,
				2338F51D2835845F00243018 /* SceneDelegate.swift in Sources */,
			);
			runOnlyForDeploymentPostprocessing = 0;
		};
/* End PBXSourcesBuildPhase section */

/* Begin PBXVariantGroup section */
		2338F5202835845F00243018 /* Main.storyboard */ = {
			isa = PBXVariantGroup;
			children = (
				2338F5212835845F00243018 /* Base */,
			);
			name = Main.storyboard;
			sourceTree = "<group>";
		};
		2338F5282835846000243018 /* LaunchScreen.storyboard */ = {
			isa = PBXVariantGroup;
			children = (
				2338F5292835846000243018 /* Base */,
			);
			name = LaunchScreen.storyboard;
			sourceTree = "<group>";
		};
/* End PBXVariantGroup section */

/* Begin XCBuildConfiguration section */
		2338F52C2835846000243018 /* Debug */ = {
			isa = XCBuildConfiguration;
			buildSettings = {
				ALWAYS_SEARCH_USER_PATHS = NO;
				CLANG_ANALYZER_NONNULL = YES;
				CLANG_ANALYZER_NUMBER_OBJECT_CONVERSION = YES_AGGRESSIVE;
				CLANG_CXX_LANGUAGE_STANDARD = "gnu++17";
				CLANG_CXX_LIBRARY = "libc++";
				CLANG_ENABLE_MODULES = YES;
				CLANG_ENABLE_OBJC_ARC = YES;
				CLANG_ENABLE_OBJC_WEAK = YES;
				CLANG_WARN_BLOCK_CAPTURE_AUTORELEASING = YES;
				CLANG_WARN_BOOL_CONVERSION = YES;
				CLANG_WARN_COMMA = YES;
				CLANG_WARN_CONSTANT_CONVERSION = YES;
				CLANG_WARN_DEPRECATED_OBJC_IMPLEMENTATIONS = YES;
				CLANG_WARN_DIRECT_OBJC_ISA_USAGE = YES_ERROR;
				CLANG_WARN_DOCUMENTATION_COMMENTS = YES;
				CLANG_WARN_EMPTY_BODY = YES;
				CLANG_WARN_ENUM_CONVERSION = YES;
				CLANG_WARN_INFINITE_RECURSION = YES;
				CLANG_WARN_INT_CONVERSION = YES;
				CLANG_WARN_NON_LITERAL_NULL_CONVERSION = YES;
				CLANG_WARN_OBJC_IMPLICIT_RETAIN_SELF = YES;
				CLANG_WARN_OBJC_LITERAL_CONVERSION = YES;
				CLANG_WARN_OBJC_ROOT_CLASS = YES_ERROR;
				CLANG_WARN_QUOTED_INCLUDE_IN_FRAMEWORK_HEADER = YES;
				CLANG_WARN_RANGE_LOOP_ANALYSIS = YES;
				CLANG_WARN_STRICT_PROTOTYPES = YES;
				CLANG_WARN_SUSPICIOUS_MOVE = YES;
				CLANG_WARN_UNGUARDED_AVAILABILITY = YES_AGGRESSIVE;
				CLANG_WARN_UNREACHABLE_CODE = YES;
				CLANG_WARN__DUPLICATE_METHOD_MATCH = YES;
				COPY_PHASE_STRIP = NO;
				DEBUG_INFORMATION_FORMAT = dwarf;
				ENABLE_STRICT_OBJC_MSGSEND = YES;
				ENABLE_TESTABILITY = YES;
				GCC_C_LANGUAGE_STANDARD = gnu11;
				GCC_DYNAMIC_NO_PIC = NO;
				GCC_NO_COMMON_BLOCKS = YES;
				GCC_OPTIMIZATION_LEVEL = 0;
				GCC_PREPROCESSOR_DEFINITIONS = (
					"DEBUG=1",
					"$(inherited)",
				);
				GCC_WARN_64_TO_32_BIT_CONVERSION = YES;
				GCC_WARN_ABOUT_RETURN_TYPE = YES_ERROR;
				GCC_WARN_UNDECLARED_SELECTOR = YES;
				GCC_WARN_UNINITIALIZED_AUTOS = YES_AGGRESSIVE;
				GCC_WARN_UNUSED_FUNCTION = YES;
				GCC_WARN_UNUSED_VARIABLE = YES;
				IPHONEOS_DEPLOYMENT_TARGET = 15.2;
				MTL_ENABLE_DEBUG_INFO = INCLUDE_SOURCE;
				MTL_FAST_MATH = YES;
				ONLY_ACTIVE_ARCH = YES;
				SDKROOT = iphoneos;
				SWIFT_ACTIVE_COMPILATION_CONDITIONS = DEBUG;
				SWIFT_OPTIMIZATION_LEVEL = "-Onone";
			};
			name = Debug;
		};
		2338F52D2835846000243018 /* Release */ = {
			isa = XCBuildConfiguration;
			buildSettings = {
				ALWAYS_SEARCH_USER_PATHS = NO;
				CLANG_ANALYZER_NONNULL = YES;
				CLANG_ANALYZER_NUMBER_OBJECT_CONVERSION = YES_AGGRESSIVE;
				CLANG_CXX_LANGUAGE_STANDARD = "gnu++17";
				CLANG_CXX_LIBRARY = "libc++";
				CLANG_ENABLE_MODULES = YES;
				CLANG_ENABLE_OBJC_ARC = YES;
				CLANG_ENABLE_OBJC_WEAK = YES;
				CLANG_WARN_BLOCK_CAPTURE_AUTORELEASING = YES;
				CLANG_WARN_BOOL_CONVERSION = YES;
				CLANG_WARN_COMMA = YES;
				CLANG_WARN_CONSTANT_CONVERSION = YES;
				CLANG_WARN_DEPRECATED_OBJC_IMPLEMENTATIONS = YES;
				CLANG_WARN_DIRECT_OBJC_ISA_USAGE = YES_ERROR;
				CLANG_WARN_DOCUMENTATION_COMMENTS = YES;
				CLANG_WARN_EMPTY_BODY = YES;
				CLANG_WARN_ENUM_CONVERSION = YES;
				CLANG_WARN_INFINITE_RECURSION = YES;
				CLANG_WARN_INT_CONVERSION = YES;
				CLANG_WARN_NON_LITERAL_NULL_CONVERSION = YES;
				CLANG_WARN_OBJC_IMPLICIT_RETAIN_SELF = YES;
				CLANG_WARN_OBJC_LITERAL_CONVERSION = YES;
				CLANG_WARN_OBJC_ROOT_CLASS = YES_ERROR;
				CLANG_WARN_QUOTED_INCLUDE_IN_FRAMEWORK_HEADER = YES;
				CLANG_WARN_RANGE_LOOP_ANALYSIS = YES;
				CLANG_WARN_STRICT_PROTOTYPES = YES;
				CLANG_WARN_SUSPICIOUS_MOVE = YES;
				CLANG_WARN_UNGUARDED_AVAILABILITY = YES_AGGRESSIVE;
				CLANG_WARN_UNREACHABLE_CODE = YES;
				CLANG_WARN__DUPLICATE_METHOD_MATCH = YES;
				COPY_PHASE_STRIP = NO;
				DEBUG_INFORMATION_FORMAT = "dwarf-with-dsym";
				ENABLE_NS_ASSERTIONS = NO;
				ENABLE_STRICT_OBJC_MSGSEND = YES;
				GCC_C_LANGUAGE_STANDARD = gnu11;
				GCC_NO_COMMON_BLOCKS = YES;
				GCC_WARN_64_TO_32_BIT_CONVERSION = YES;
				GCC_WARN_ABOUT_RETURN_TYPE = YES_ERROR;
				GCC_WARN_UNDECLARED_SELECTOR = YES;
				GCC_WARN_UNINITIALIZED_AUTOS = YES_AGGRESSIVE;
				GCC_WARN_UNUSED_FUNCTION = YES;
				GCC_WARN_UNUSED_VARIABLE = YES;
				IPHONEOS_DEPLOYMENT_TARGET = 15.2;
				MTL_ENABLE_DEBUG_INFO = NO;
				MTL_FAST_MATH = YES;
				SDKROOT = iphoneos;
				SWIFT_COMPILATION_MODE = wholemodule;
				SWIFT_OPTIMIZATION_LEVEL = "-O";
				VALIDATE_PRODUCT = YES;
			};
			name = Release;
		};
		2338F52F2835846000243018 /* Debug */ = {
			isa = XCBuildConfiguration;
			buildSettings = {
				ASSETCATALOG_COMPILER_APPICON_NAME = AppIcon;
				ASSETCATALOG_COMPILER_GLOBAL_ACCENT_COLOR_NAME = AccentColor;
				CODE_SIGN_STYLE = Automatic;
				CURRENT_PROJECT_VERSION = 1;
				DEVELOPMENT_TEAM = 9QPM2LT848;
				GENERATE_INFOPLIST_FILE = YES;
				INFOPLIST_FILE = ShoppingList/Info.plist;
				INFOPLIST_KEY_UIApplicationSupportsIndirectInputEvents = YES;
				INFOPLIST_KEY_UILaunchStoryboardName = LaunchScreen;
				INFOPLIST_KEY_UIMainStoryboardFile = Main;
				INFOPLIST_KEY_UISupportedInterfaceOrientations = UIInterfaceOrientationPortrait;
				INFOPLIST_KEY_UISupportedInterfaceOrientations_iPad = "UIInterfaceOrientationPortrait UIInterfaceOrientationPortraitUpsideDown UIInterfaceOrientationLandscapeLeft UIInterfaceOrientationLandscapeRight";
				INFOPLIST_KEY_UISupportedInterfaceOrientations_iPhone = "UIInterfaceOrientationPortrait UIInterfaceOrientationLandscapeLeft UIInterfaceOrientationLandscapeRight";
				LD_RUNPATH_SEARCH_PATHS = (
					"$(inherited)",
					"@executable_path/Frameworks",
				);
				MARKETING_VERSION = 1.0;
				PRODUCT_BUNDLE_IDENTIFIER = InozemtsevaYa.ShoppingList;
				PRODUCT_NAME = "$(TARGET_NAME)";
				SWIFT_EMIT_LOC_STRINGS = YES;
				SWIFT_VERSION = 5.0;
				TARGETED_DEVICE_FAMILY = 1;
			};
			name = Debug;
		};
		2338F5302835846000243018 /* Release */ = {
			isa = XCBuildConfiguration;
			buildSettings = {
				ASSETCATALOG_COMPILER_APPICON_NAME = AppIcon;
				ASSETCATALOG_COMPILER_GLOBAL_ACCENT_COLOR_NAME = AccentColor;
				CODE_SIGN_STYLE = Automatic;
				CURRENT_PROJECT_VERSION = 1;
				DEVELOPMENT_TEAM = 9QPM2LT848;
				GENERATE_INFOPLIST_FILE = YES;
				INFOPLIST_FILE = ShoppingList/Info.plist;
				INFOPLIST_KEY_UIApplicationSupportsIndirectInputEvents = YES;
				INFOPLIST_KEY_UILaunchStoryboardName = LaunchScreen;
				INFOPLIST_KEY_UIMainStoryboardFile = Main;
				INFOPLIST_KEY_UISupportedInterfaceOrientations = UIInterfaceOrientationPortrait;
				INFOPLIST_KEY_UISupportedInterfaceOrientations_iPad = "UIInterfaceOrientationPortrait UIInterfaceOrientationPortraitUpsideDown UIInterfaceOrientationLandscapeLeft UIInterfaceOrientationLandscapeRight";
				INFOPLIST_KEY_UISupportedInterfaceOrientations_iPhone = "UIInterfaceOrientationPortrait UIInterfaceOrientationLandscapeLeft UIInterfaceOrientationLandscapeRight";
				LD_RUNPATH_SEARCH_PATHS = (
					"$(inherited)",
					"@executable_path/Frameworks",
				);
				MARKETING_VERSION = 1.0;
				PRODUCT_BUNDLE_IDENTIFIER = InozemtsevaYa.ShoppingList;
				PRODUCT_NAME = "$(TARGET_NAME)";
				SWIFT_EMIT_LOC_STRINGS = YES;
				SWIFT_VERSION = 5.0;
				TARGETED_DEVICE_FAMILY = 1;
			};
			name = Release;
		};
/* End XCBuildConfiguration section */

/* Begin XCConfigurationList section */
		2338F5122835845F00243018 /* Build configuration list for PBXProject "ShoppingList" */ = {
			isa = XCConfigurationList;
			buildConfigurations = (
				2338F52C2835846000243018 /* Debug */,
				2338F52D2835846000243018 /* Release */,
			);
			defaultConfigurationIsVisible = 0;
			defaultConfigurationName = Release;
		};
		2338F52E2835846000243018 /* Build configuration list for PBXNativeTarget "ShoppingList" */ = {
			isa = XCConfigurationList;
			buildConfigurations = (
				2338F52F2835846000243018 /* Debug */,
				2338F5302835846000243018 /* Release */,
			);
			defaultConfigurationIsVisible = 0;
			defaultConfigurationName = Release;
		};
/* End XCConfigurationList section */

/* Begin XCRemoteSwiftPackageReference section */
		2303CEB928384233002DBFA2 /* XCRemoteSwiftPackageReference "realm-swift" */ = {
			isa = XCRemoteSwiftPackageReference;
			repositoryURL = "https://github.com/realm/realm-swift.git";
			requirement = {
				branch = master;
				kind = branch;
			};
		};
/* End XCRemoteSwiftPackageReference section */

/* Begin XCSwiftPackageProductDependency section */
		2303CEBA28384233002DBFA2 /* Realm */ = {
			isa = XCSwiftPackageProductDependency;
			package = 2303CEB928384233002DBFA2 /* XCRemoteSwiftPackageReference "realm-swift" */;
			productName = Realm;
		};
		2303CEBC28384233002DBFA2 /* RealmSwift */ = {
			isa = XCSwiftPackageProductDependency;
			package = 2303CEB928384233002DBFA2 /* XCRemoteSwiftPackageReference "realm-swift" */;
			productName = RealmSwift;
		};
/* End XCSwiftPackageProductDependency section */
	};
	rootObject = 2338F50F2835845F00243018 /* Project object */;
}
